
Microsoft Visual Studio Solution File, Format Version 12.00
# Visual Studio Version 17
VisualStudioVersion = 17.5.33516.290
MinimumVisualStudioVersion = 10.0.40219.1
Project("{FAE04EC0-301F-11D3-BF4B-00C04F79EFBC}") = "Innovitics.Task", "Innovitics.Task\Innovitics.Task.csproj", "{2EE72DC4-13B8-48AF-81F7-B4E095109B7D}"
EndProject
Global
	GlobalSection(SolutionConfigurationPlatforms) = preSolution
		Debug|Any CPU = Debug|Any CPU
		Release|Any CPU = Release|Any CPU
	EndGlobalSection
	GlobalSection(ProjectConfigurationPlatforms) = postSolution
		{2EE72DC4-13B8-48AF-81F7-B4E095109B7D}.Debug|Any CPU.ActiveCfg = Debug|Any CPU
		{2EE72DC4-13B8-48AF-81F7-B4E095109B7D}.Debug|Any CPU.Build.0 = Debug|Any CPU
		{2EE72DC4-13B8-48AF-81F7-B4E095109B7D}.Release|Any CPU.ActiveCfg = Release|Any CPU
		{2EE72DC4-13B8-48AF-81F7-B4E095109B7D}.Release|Any CPU.Build.0 = Release|Any CPU
	EndGlobalSection
	GlobalSection(SolutionProperties) = preSolution
		HideSolutionNode = FALSE
	EndGlobalSection
	GlobalSection(ExtensibilityGlobals) = postSolution
		SolutionGuid = {5305A892-F683-4F5B-8C37-A7FB56DD70D1}
	EndGlobalSection
EndGlobal
